{
  "name": "apruebo-dignidad-web-theme",
  "version": "1.0.0",
  "lockfileVersion": 1,
  "requires": true,
  "dependencies": {
    "minify-css-string": {
      "version": "1.0.0",
      "resolved": "https://registry.npmjs.org/minify-css-string/-/minify-css-string-1.0.0.tgz",
      "integrity": "sha1-IBvZSSceGfbgrwodwMzFg95HxjA="
    },
    "vuetify": {
      "version": "2.5.12",
      "resolved": "https://registry.npmjs.org/vuetify/-/vuetify-2.5.12.tgz",
      "integrity": "sha512-ruH2h2U0C8TzInzqTVE3QDcJr8+rJRXliyFN71972vtKqGWXXOUGkx7lfVqBIWNZCTEDcZGkaiV2apP+Bw3QTQ==",
      "dev": true
    }
  }
}
